github.com/johannesUIA/funtemps v0.0.0-20230220182141-d37e5790f5ad h1:egnn/QP3i64FGaH8E5gILhzh4L3GVFKHIBKr3XvvU0Q=
github.com/johannesUIA/funtemps v0.0.0-20230220182141-d37e5790f5ad/go.mod h1:wf0gjRtRKuTJP0g2FajziTUPTOgyt3riBz31BA/TsEY=
github.com/johannesUIA/is105sem03 v0.0.0-20230421072521-6bcccb305600 h1:2gCsu2B0L2Fu3zFrl6t+oninAbeo4A8OBfYCuF+01xI=
github.com/johannesUIA/is105sem03 v0.0.0-20230421072521-6bcccb305600/go.mod h1:UhqqtWAcFMqymDWcyDQ/leADZvUjsqfRyWOoIURHDO0=
github.com/johannesUIA/is105sem03 v0.0.0-20230424080127-8eebc7e4fa49 h1:ZAjng7RhI0ogE1cAVNzU/gvWIxKN2YYUzW/tYK+6yMo=
github.com/johannesUIA/is105sem03 v0.0.0-20230424080127-8eebc7e4fa49/go.mod h1:UhqqtWAcFMqymDWcyDQ/leADZvUjsqfRyWOoIURHDO0=
